# This file is automatically @generated by Cargo.
# It is not intended for manual editing.
[[package]]
name = "autocfg"
version = "1.0.0"
source = "registry+https://github.com/rust-lang/crates.io-index"
checksum = "f8aac770f1885fd7e387acedd76065302551364496e46b3dd00860b2f8359b9d"

[[package]]
name = "cc"
version = "1.0.52"
source = "registry+https://github.com/rust-lang/crates.io-index"
checksum = "c3d87b23d6a92cd03af510a5ade527033f6aa6fa92161e2d5863a907d4c5e31d"

[[package]]
name = "intrusive-collections"
version = "0.9.0"
source = "registry+https://github.com/rust-lang/crates.io-index"
checksum = "4bca8c0bb831cd60d4dda79a58e3705ca6eb47efb65d665651a8d672213ec3db"
dependencies = [
 "memoffset",
]

[[package]]
name = "lazy_static"
version = "1.4.0"
source = "registry+https://github.com/rust-lang/crates.io-index"
checksum = "e2abad23fbc42b3700f2f279844dc832adb2b2eb069b2df918f455c4e18cc646"
dependencies = [
 "spin",
]

[[package]]
name = "memoffset"
version = "0.5.4"
source = "registry+https://github.com/rust-lang/crates.io-index"
checksum = "b4fc2c02a7e374099d4ee95a193111f72d2110197fe200272371758f6c3643d8"
dependencies = [
 "autocfg",
]

[[package]]
name = "register"
version = "0.5.0"
source = "registry+https://github.com/rust-lang/crates.io-index"
checksum = "6e10c2ba523bc81270ecb9b6ca6704f42cd1efec89fddbfe0e520ad0e218f401"
dependencies = [
 "tock-registers",
]

[[package]]
name = "spin"
version = "0.5.2"
source = "registry+https://github.com/rust-lang/crates.io-index"
checksum = "6e63cff320ae2c57904679ba7cb63280a3dc4613885beafb148ee7bf9aa9042d"

[[package]]
name = "tock-registers"
version = "0.5.0"
source = "registry+https://github.com/rust-lang/crates.io-index"
checksum = "70323afdb8082186c0986da0e10f6e4ed103d681c921c00597e98d9806dac20f"

[[package]]
name = "violet"
version = "0.0.1"
dependencies = [
 "cc",
 "intrusive-collections",
 "lazy_static",
 "register",
]
