# This file is automatically @generated by Cargo.
# It is not intended for manual editing.
[[package]]
name = "cc"
version = "1.0.59"
source = "registry+https://github.com/rust-lang/crates.io-index"
checksum = "66120af515773fb005778dc07c261bd201ec8ce50bd6e7144c927753fe013381"

[[package]]
name = "class"
version = "0.1.0"

[[package]]
name = "clint_timer"
version = "0.1.0"
dependencies = [
 "class",
]

[[package]]
name = "cpu"
version = "0.1.0"
dependencies = [
 "processor",
]

[[package]]
name = "entry"
version = "0.1.0"

[[package]]
name = "irq"
version = "0.1.0"
dependencies = [
 "class",
 "plic",
]

[[package]]
name = "kernel"
version = "0.1.0"

[[package]]
name = "main"
version = "0.1.0"
dependencies = [
 "cc",
 "entry",
 "kernel",
 "std",
 "vshell",
]

[[package]]
name = "plic"
version = "0.1.0"
dependencies = [
 "class",
]

[[package]]
name = "processor"
version = "0.1.0"
dependencies = [
 "register",
]

[[package]]
name = "register"
version = "0.5.1"
source = "registry+https://github.com/rust-lang/crates.io-index"
checksum = "deaba5b0e477d21f61a57504bb5cef4a1e86de30300b457d38971c1cfc98b815"
dependencies = [
 "tock-registers",
]

[[package]]
name = "serial"
version = "0.1.0"
dependencies = [
 "uart",
]

[[package]]
name = "std"
version = "0.1.0"
dependencies = [
 "stdin",
 "stdout",
]

[[package]]
name = "stdin"
version = "0.1.0"
dependencies = [
 "serial",
]

[[package]]
name = "stdout"
version = "0.1.0"
dependencies = [
 "serial",
]

[[package]]
name = "timer"
version = "0.1.0"
dependencies = [
 "class",
 "clint_timer",
]

[[package]]
name = "tock-registers"
version = "0.5.0"
source = "registry+https://github.com/rust-lang/crates.io-index"
checksum = "70323afdb8082186c0986da0e10f6e4ed103d681c921c00597e98d9806dac20f"

[[package]]
name = "uart"
version = "0.1.0"

[[package]]
name = "vshell"
version = "0.1.0"
dependencies = [
 "std",
]
