# This file is automatically @generated by Cargo.
# It is not intended for manual editing.
version = 3

[[package]]
name = "qemu_freertos"
version = "0.1.0"
dependencies = [
 "violet",
 "vmmode",
]

[[package]]
name = "violet"
version = "0.4.0"

[[package]]
name = "vmmode"
version = "0.1.0"
dependencies = [
 "violet",
]
